
Microsoft Visual Studio Solution File, Format Version 12.00
# Visual Studio Version 17
VisualStudioVersion = 17.2.32519.379
MinimumVisualStudioVersion = 10.0.40219.1
Project("{FAE04EC0-301F-11D3-BF4B-00C04F79EFBC}") = "Customer Details Management System", "Client Management System\Customer Details Management System.csproj", "{3D312E2F-DFE8-47E5-A8D6-0BEF9E72DA87}"
EndProject
Global
	GlobalSection(SolutionConfigurationPlatforms) = preSolution
		Debug|Any CPU = Debug|Any CPU
		Release|Any CPU = Release|Any CPU
	EndGlobalSection
	GlobalSection(ProjectConfigurationPlatforms) = postSolution
		{3D312E2F-DFE8-47E5-A8D6-0BEF9E72DA87}.Debug|Any CPU.ActiveCfg = Debug|Any CPU
		{3D312E2F-DFE8-47E5-A8D6-0BEF9E72DA87}.Debug|Any CPU.Build.0 = Debug|Any CPU
		{3D312E2F-DFE8-47E5-A8D6-0BEF9E72DA87}.Release|Any CPU.ActiveCfg = Release|Any CPU
		{3D312E2F-DFE8-47E5-A8D6-0BEF9E72DA87}.Release|Any CPU.Build.0 = Release|Any CPU
	EndGlobalSection
	GlobalSection(SolutionProperties) = preSolution
		HideSolutionNode = FALSE
	EndGlobalSection
	GlobalSection(ExtensibilityGlobals) = postSolution
		SolutionGuid = {2D527A4C-97C7-429E-9B59-4D2FA144F7C7}
	EndGlobalSection
EndGlobal
